
Microsoft Visual Studio Solution File, Format Version 12.00
# Visual Studio Version 17
VisualStudioVersion = 17.3.32819.101
MinimumVisualStudioVersion = 10.0.40219.1
Project("{FAE04EC0-301F-11D3-BF4B-00C04F79EFBC}") = "HopShopV2", "HopShopV2\HopShopV2.csproj", "{6C7D7CDD-B7EB-49B3-AE66-8300374766C7}"
EndProject
Project("{FAE04EC0-301F-11D3-BF4B-00C04F79EFBC}") = "Core", "Core\Core.csproj", "{109962ED-9923-4A1C-9A6F-0DF5800CA07D}"
EndProject
Project("{FAE04EC0-301F-11D3-BF4B-00C04F79EFBC}") = "DataAccess", "DataAccess\DataAccess.csproj", "{2AD043C0-4214-4D4F-A12C-FEB5DDEDCC4A}"
EndProject
Global
	GlobalSection(SolutionConfigurationPlatforms) = preSolution
		Debug|Any CPU = Debug|Any CPU
		Release|Any CPU = Release|Any CPU
	EndGlobalSection
	GlobalSection(ProjectConfigurationPlatforms) = postSolution
		{6C7D7CDD-B7EB-49B3-AE66-8300374766C7}.Debug|Any CPU.ActiveCfg = Debug|Any CPU
		{6C7D7CDD-B7EB-49B3-AE66-8300374766C7}.Debug|Any CPU.Build.0 = Debug|Any CPU
		{6C7D7CDD-B7EB-49B3-AE66-8300374766C7}.Release|Any CPU.ActiveCfg = Release|Any CPU
		{6C7D7CDD-B7EB-49B3-AE66-8300374766C7}.Release|Any CPU.Build.0 = Release|Any CPU
		{109962ED-9923-4A1C-9A6F-0DF5800CA07D}.Debug|Any CPU.ActiveCfg = Debug|Any CPU
		{109962ED-9923-4A1C-9A6F-0DF5800CA07D}.Debug|Any CPU.Build.0 = Debug|Any CPU
		{109962ED-9923-4A1C-9A6F-0DF5800CA07D}.Release|Any CPU.ActiveCfg = Release|Any CPU
		{109962ED-9923-4A1C-9A6F-0DF5800CA07D}.Release|Any CPU.Build.0 = Release|Any CPU
		{2AD043C0-4214-4D4F-A12C-FEB5DDEDCC4A}.Debug|Any CPU.ActiveCfg = Debug|Any CPU
		{2AD043C0-4214-4D4F-A12C-FEB5DDEDCC4A}.Debug|Any CPU.Build.0 = Debug|Any CPU
		{2AD043C0-4214-4D4F-A12C-FEB5DDEDCC4A}.Release|Any CPU.ActiveCfg = Release|Any CPU
		{2AD043C0-4214-4D4F-A12C-FEB5DDEDCC4A}.Release|Any CPU.Build.0 = Release|Any CPU
	EndGlobalSection
	GlobalSection(SolutionProperties) = preSolution
		HideSolutionNode = FALSE
	EndGlobalSection
	GlobalSection(ExtensibilityGlobals) = postSolution
		SolutionGuid = {B70528BB-D591-409F-9522-DB45E944611C}
	EndGlobalSection
EndGlobal
